// !$*UTF8*$!
{
	archiveVersion = 1;
	classes = {
	};
	objectVersion = 48;
	objects = {

/* Begin PBXBuildFile section */
		367707B9F9322A13A1610D74 /* libPods-RetechFirebase.a in Frameworks */ = {isa = PBXBuildFile; fileRef = 756DEA3A3CACDB8FF340934E /* libPods-RetechFirebase.a */; };
		DE11C1B21FD7CA3F000060E0 /* GoogleNativeAdAdvanceViewController.m in Sources */ = {isa = PBXBuildFile; fileRef = DE11C1B01FD7CA3F000060E0 /* GoogleNativeAdAdvanceViewController.m */; };
		DE11C1B31FD7CA3F000060E0 /* GoogleNativeAdAdvanceViewController.xib in Resources */ = {isa = PBXBuildFile; fileRef = DE11C1B11FD7CA3F000060E0 /* GoogleNativeAdAdvanceViewController.xib */; };
		DE13EEB21FD682C700C861BA /* MainScreen.m in Sources */ = {isa = PBXBuildFile; fileRef = DE13EEB11FD682C700C861BA /* MainScreen.m */; };
		DE13EEBA1FD685D800C861BA /* BootLogic.m in Sources */ = {isa = PBXBuildFile; fileRef = DE13EEB91FD685D800C861BA /* BootLogic.m */; };
		DE37D1161FD630750003C597 /* AppDelegate.m in Sources */ = {isa = PBXBuildFile; fileRef = DE37D1151FD630750003C597 /* AppDelegate.m */; };
		DE37D11E1FD630750003C597 /* Assets.xcassets in Resources */ = {isa = PBXBuildFile; fileRef = DE37D11D1FD630750003C597 /* Assets.xcassets */; };
		DE37D1211FD630750003C597 /* LaunchScreen.storyboard in Resources */ = {isa = PBXBuildFile; fileRef = DE37D11F1FD630750003C597 /* LaunchScreen.storyboard */; };
		DE37D1241FD630750003C597 /* main.m in Sources */ = {isa = PBXBuildFile; fileRef = DE37D1231FD630750003C597 /* main.m */; };
		DEA4D2B21FDA37D5008C2354 /* GoogleNativeContentAdView.xib in Resources */ = {isa = PBXBuildFile; fileRef = DEA4D2B01FDA37D4008C2354 /* GoogleNativeContentAdView.xib */; };
		DEA4D2B31FDA37D5008C2354 /* GoogleNativeAppInstallAdView.xib in Resources */ = {isa = PBXBuildFile; fileRef = DEA4D2B11FDA37D4008C2354 /* GoogleNativeAppInstallAdView.xib */; };
		DEA4D2BE1FDA788F008C2354 /* FacebookNativeAdViewController.m in Sources */ = {isa = PBXBuildFile; fileRef = DEA4D2BC1FDA788F008C2354 /* FacebookNativeAdViewController.m */; };
		DEA4D2BF1FDA788F008C2354 /* FacebookNativeAdViewController.xib in Resources */ = {isa = PBXBuildFile; fileRef = DEA4D2BD1FDA788F008C2354 /* FacebookNativeAdViewController.xib */; };
		DEBE84E01FD64EFF009D3F37 /* GoogleService-Info.plist in Resources */ = {isa = PBXBuildFile; fileRef = DEBE84DF1FD64EFF009D3F37 /* GoogleService-Info.plist */; };
		DEE3E37E1FDC385E00488E3F /* GoogleNativeAdExpressViewController.m in Sources */ = {isa = PBXBuildFile; fileRef = DEE3E37D1FDC385E00488E3F /* GoogleNativeAdExpressViewController.m */; };
		DEE3E3811FDC44D200488E3F /* GoogleBannerAdViewController.m in Sources */ = {isa = PBXBuildFile; fileRef = DEE3E3801FDC44D200488E3F /* GoogleBannerAdViewController.m */; };
/* End PBXBuildFile section */

/* Begin PBXFileReference section */
		756DEA3A3CACDB8FF340934E /* libPods-RetechFirebase.a */ = {isa = PBXFileReference; explicitFileType = archive.ar; includeInIndex = 0; path = "libPods-RetechFirebase.a"; sourceTree = BUILT_PRODUCTS_DIR; };
		8354075FF29E04E14F853A98 /* Pods-RetechFirebase.release.xcconfig */ = {isa = PBXFileReference; includeInIndex = 1; lastKnownFileType = text.xcconfig; name = "Pods-RetechFirebase.release.xcconfig"; path = "Pods/Target Support Files/Pods-RetechFirebase/Pods-RetechFirebase.release.xcconfig"; sourceTree = "<group>"; };
		A95559D8C52B3695F36ABFAB /* Pods-RetechFirebase.debug.xcconfig */ = {isa = PBXFileReference; includeInIndex = 1; lastKnownFileType = text.xcconfig; name = "Pods-RetechFirebase.debug.xcconfig"; path = "Pods/Target Support Files/Pods-RetechFirebase/Pods-RetechFirebase.debug.xcconfig"; sourceTree = "<group>"; };
		DE11C1AF1FD7CA3F000060E0 /* GoogleNativeAdAdvanceViewController.h */ = {isa = PBXFileReference; lastKnownFileType = sourcecode.c.h; path = GoogleNativeAdAdvanceViewController.h; sourceTree = "<group>"; };
		DE11C1B01FD7CA3F000060E0 /* GoogleNativeAdAdvanceViewController.m */ = {isa = PBXFileReference; lastKnownFileType = sourcecode.c.objc; path = GoogleNativeAdAdvanceViewController.m; sourceTree = "<group>"; };
		DE11C1B11FD7CA3F000060E0 /* GoogleNativeAdAdvanceViewController.xib */ = {isa = PBXFileReference; lastKnownFileType = file.xib; path = GoogleNativeAdAdvanceViewController.xib; sourceTree = "<group>"; };
		DE13EEB11FD682C700C861BA /* MainScreen.m */ = {isa = PBXFileReference; lastKnownFileType = sourcecode.c.objc; name = MainScreen.m; path = ../MainScreen.m; sourceTree = "<group>"; };
		DE13EEB81FD6855600C861BA /* MainScreen.h */ = {isa = PBXFileReference; lastKnownFileType = sourcecode.c.h; name = MainScreen.h; path = ../MainScreen.h; sourceTree = "<group>"; };
		DE13EEB91FD685D800C861BA /* BootLogic.m */ = {isa = PBXFileReference; lastKnownFileType = sourcecode.c.objc; path = BootLogic.m; sourceTree = "<group>"; };
		DE13EEBB1FD685E500C861BA /* BootLogic.h */ = {isa = PBXFileReference; lastKnownFileType = sourcecode.c.h; path = BootLogic.h; sourceTree = "<group>"; };
		DE13EEBC1FD68B8200C861BA /* Config.h */ = {isa = PBXFileReference; lastKnownFileType = sourcecode.c.h; path = Config.h; sourceTree = "<group>"; };
		DE37D1111FD630750003C597 /* RetechFirebase.app */ = {isa = PBXFileReference; explicitFileType = wrapper.application; includeInIndex = 0; path = RetechFirebase.app; sourceTree = BUILT_PRODUCTS_DIR; };
		DE37D1141FD630750003C597 /* AppDelegate.h */ = {isa = PBXFileReference; lastKnownFileType = sourcecode.c.h; path = AppDelegate.h; sourceTree = "<group>"; };
		DE37D1151FD630750003C597 /* AppDelegate.m */ = {isa = PBXFileReference; lastKnownFileType = sourcecode.c.objc; path = AppDelegate.m; sourceTree = "<group>"; };
		DE37D11D1FD630750003C597 /* Assets.xcassets */ = {isa = PBXFileReference; lastKnownFileType = folder.assetcatalog; path = Assets.xcassets; sourceTree = "<group>"; };
		DE37D1201FD630750003C597 /* Base */ = {isa = PBXFileReference; lastKnownFileType = file.storyboard; name = Base; path = Base.lproj/LaunchScreen.storyboard; sourceTree = "<group>"; };
		DE37D1221FD630750003C597 /* Info.plist */ = {isa = PBXFileReference; lastKnownFileType = text.plist.xml; path = Info.plist; sourceTree = "<group>"; };
		DE37D1231FD630750003C597 /* main.m */ = {isa = PBXFileReference; lastKnownFileType = sourcecode.c.objc; path = main.m; sourceTree = "<group>"; };
		DEA4D2B01FDA37D4008C2354 /* GoogleNativeContentAdView.xib */ = {isa = PBXFileReference; fileEncoding = 4; lastKnownFileType = file.xib; path = GoogleNativeContentAdView.xib; sourceTree = "<group>"; };
		DEA4D2B11FDA37D4008C2354 /* GoogleNativeAppInstallAdView.xib */ = {isa = PBXFileReference; fileEncoding = 4; lastKnownFileType = file.xib; path = GoogleNativeAppInstallAdView.xib; sourceTree = "<group>"; };
		DEA4D2BB1FDA788F008C2354 /* FacebookNativeAdViewController.h */ = {isa = PBXFileReference; lastKnownFileType = sourcecode.c.h; path = FacebookNativeAdViewController.h; sourceTree = "<group>"; };
		DEA4D2BC1FDA788F008C2354 /* FacebookNativeAdViewController.m */ = {isa = PBXFileReference; lastKnownFileType = sourcecode.c.objc; path = FacebookNativeAdViewController.m; sourceTree = "<group>"; };
		DEA4D2BD1FDA788F008C2354 /* FacebookNativeAdViewController.xib */ = {isa = PBXFileReference; lastKnownFileType = file.xib; path = FacebookNativeAdViewController.xib; sourceTree = "<group>"; };
		DEBE84DF1FD64EFF009D3F37 /* GoogleService-Info.plist */ = {isa = PBXFileReference; fileEncoding = 4; lastKnownFileType = text.plist.xml; name = "GoogleService-Info.plist"; path = "../../../../Downloads/GoogleService-Info.plist"; sourceTree = "<group>"; };
		DEE3E37C1FDC385E00488E3F /* GoogleNativeAdExpressViewController.h */ = {isa = PBXFileReference; lastKnownFileType = sourcecode.c.h; path = GoogleNativeAdExpressViewController.h; sourceTree = "<group>"; };
		DEE3E37D1FDC385E00488E3F /* GoogleNativeAdExpressViewController.m */ = {isa = PBXFileReference; lastKnownFileType = sourcecode.c.objc; path = GoogleNativeAdExpressViewController.m; sourceTree = "<group>"; };
		DEE3E37F1FDC44D200488E3F /* GoogleBannerAdViewController.h */ = {isa = PBXFileReference; lastKnownFileType = sourcecode.c.h; path = GoogleBannerAdViewController.h; sourceTree = "<group>"; };
		DEE3E3801FDC44D200488E3F /* GoogleBannerAdViewController.m */ = {isa = PBXFileReference; lastKnownFileType = sourcecode.c.objc; path = GoogleBannerAdViewController.m; sourceTree = "<group>"; };
/* End PBXFileReference section */

/* Begin PBXFrameworksBuildPhase section */
		DE37D10E1FD630750003C597 /* Frameworks */ = {
			isa = PBXFrameworksBuildPhase;
			buildActionMask = 2147483647;
			files = (
				367707B9F9322A13A1610D74 /* libPods-RetechFirebase.a in Frameworks */,
			);
			runOnlyForDeploymentPostprocessing = 0;
		};
/* End PBXFrameworksBuildPhase section */

/* Begin PBXGroup section */
		226A22B8025B91F9A658824B /* Pods */ = {
			isa = PBXGroup;
			children = (
				A95559D8C52B3695F36ABFAB /* Pods-RetechFirebase.debug.xcconfig */,
				8354075FF29E04E14F853A98 /* Pods-RetechFirebase.release.xcconfig */,
			);
			name = Pods;
			sourceTree = "<group>";
		};
		DE13EEB31FD6832F00C861BA /* App */ = {
			isa = PBXGroup;
			children = (
				DE37D1221FD630750003C597 /* Info.plist */,
				DE37D1231FD630750003C597 /* main.m */,
			);
			name = App;
			sourceTree = "<group>";
		};
		DE13EEB41FD6833900C861BA /* Source */ = {
			isa = PBXGroup;
			children = (
				DE13EEB71FD684A200C861BA /* Global */,
				DE13EEB51FD6840100C861BA /* AppDelegate */,
				DE13EEB61FD6842F00C861BA /* Controller */,
			);
			path = Source;
			sourceTree = "<group>";
		};
		DE13EEB51FD6840100C861BA /* AppDelegate */ = {
			isa = PBXGroup;
			children = (
				DE13EEBB1FD685E500C861BA /* BootLogic.h */,
				DE13EEB91FD685D800C861BA /* BootLogic.m */,
				DE37D1141FD630750003C597 /* AppDelegate.h */,
				DE37D1151FD630750003C597 /* AppDelegate.m */,
			);
			name = AppDelegate;
			sourceTree = "<group>";
		};
		DE13EEB61FD6842F00C861BA /* Controller */ = {
			isa = PBXGroup;
			children = (
				DEA4D2B51FDA75FC008C2354 /* FacebookVC */,
				DE13EEBD1FD68CA900C861BA /* MainScreenVC */,
				DE13EEBE1FD68CEE00C861BA /* GoogleVC */,
			);
			path = Controller;
			sourceTree = "<group>";
		};
		DE13EEB71FD684A200C861BA /* Global */ = {
			isa = PBXGroup;
			children = (
				DE13EEBC1FD68B8200C861BA /* Config.h */,
			);
			name = Global;
			sourceTree = "<group>";
		};
		DE13EEBD1FD68CA900C861BA /* MainScreenVC */ = {
			isa = PBXGroup;
			children = (
				DE13EEB81FD6855600C861BA /* MainScreen.h */,
				DE13EEB11FD682C700C861BA /* MainScreen.m */,
			);
			name = MainScreenVC;
			sourceTree = "<group>";
		};
		DE13EEBE1FD68CEE00C861BA /* GoogleVC */ = {
			isa = PBXGroup;
			children = (
				DE11C1AF1FD7CA3F000060E0 /* GoogleNativeAdAdvanceViewController.h */,
				DE11C1B01FD7CA3F000060E0 /* GoogleNativeAdAdvanceViewController.m */,
				DEA4D2B11FDA37D4008C2354 /* GoogleNativeAppInstallAdView.xib */,
				DEA4D2B01FDA37D4008C2354 /* GoogleNativeContentAdView.xib */,
				DE11C1B11FD7CA3F000060E0 /* GoogleNativeAdAdvanceViewController.xib */,
				DEE3E37C1FDC385E00488E3F /* GoogleNativeAdExpressViewController.h */,
				DEE3E37D1FDC385E00488E3F /* GoogleNativeAdExpressViewController.m */,
				DEE3E37F1FDC44D200488E3F /* GoogleBannerAdViewController.h */,
				DEE3E3801FDC44D200488E3F /* GoogleBannerAdViewController.m */,
			);
			path = GoogleVC;
			sourceTree = "<group>";
		};
		DE37D1081FD630750003C597 = {
			isa = PBXGroup;
			children = (
				DE37D1131FD630750003C597 /* RetechFirebase */,
				DE37D1121FD630750003C597 /* Products */,
				226A22B8025B91F9A658824B /* Pods */,
				EA39944314E1086D334C23EC /* Frameworks */,
			);
			sourceTree = "<group>";
		};
		DE37D1121FD630750003C597 /* Products */ = {
			isa = PBXGroup;
			children = (
				DE37D1111FD630750003C597 /* RetechFirebase.app */,
			);
			name = Products;
			sourceTree = "<group>";
		};
		DE37D1131FD630750003C597 /* RetechFirebase */ = {
			isa = PBXGroup;
			children = (
				DE13EEB31FD6832F00C861BA /* App */,
				DE13EEB41FD6833900C861BA /* Source */,
				DEBE84DF1FD64EFF009D3F37 /* GoogleService-Info.plist */,
				DE37D11D1FD630750003C597 /* Assets.xcassets */,
				DE37D11F1FD630750003C597 /* LaunchScreen.storyboard */,
			);
			path = RetechFirebase;
			sourceTree = "<group>";
		};
		DEA4D2B51FDA75FC008C2354 /* FacebookVC */ = {
			isa = PBXGroup;
			children = (
				DEA4D2BB1FDA788F008C2354 /* FacebookNativeAdViewController.h */,
				DEA4D2BC1FDA788F008C2354 /* FacebookNativeAdViewController.m */,
				DEA4D2BD1FDA788F008C2354 /* FacebookNativeAdViewController.xib */,
			);
			name = FacebookVC;
			sourceTree = "<group>";
		};
		EA39944314E1086D334C23EC /* Frameworks */ = {
			isa = PBXGroup;
			children = (
				756DEA3A3CACDB8FF340934E /* libPods-RetechFirebase.a */,
			);
			name = Frameworks;
			sourceTree = "<group>";
		};
/* End PBXGroup section */

/* Begin PBXNativeTarget section */
		DE37D1101FD630750003C597 /* RetechFirebase */ = {
			isa = PBXNativeTarget;
			buildConfigurationList = DE37D1271FD630750003C597 /* Build configuration list for PBXNativeTarget "RetechFirebase" */;
			buildPhases = (
				30E4D8AE75325B764E2DE85B /* [CP] Check Pods Manifest.lock */,
				DE37D10D1FD630750003C597 /* Sources */,
				DE37D10E1FD630750003C597 /* Frameworks */,
				DE37D10F1FD630750003C597 /* Resources */,
				81081ED52B279D3F7FBB7FFA /* [CP] Embed Pods Frameworks */,
				E386896C8858A47E4CEF0BA7 /* [CP] Copy Pods Resources */,
			);
			buildRules = (
			);
			dependencies = (
			);
			name = RetechFirebase;
			productName = RetechFirebase;
			productReference = DE37D1111FD630750003C597 /* RetechFirebase.app */;
			productType = "com.apple.product-type.application";
		};
/* End PBXNativeTarget section */

/* Begin PBXProject section */
		DE37D1091FD630750003C597 /* Project object */ = {
			isa = PBXProject;
			attributes = {
				LastUpgradeCheck = 0910;
				ORGANIZATIONNAME = "Bui Duc Khanh";
				TargetAttributes = {
					DE37D1101FD630750003C597 = {
						CreatedOnToolsVersion = 9.1;
						ProvisioningStyle = Automatic;
					};
				};
			};
			buildConfigurationList = DE37D10C1FD630750003C597 /* Build configuration list for PBXProject "RetechFirebase" */;
			compatibilityVersion = "Xcode 8.0";
			developmentRegion = en;
			hasScannedForEncodings = 0;
			knownRegions = (
				en,
				Base,
			);
			mainGroup = DE37D1081FD630750003C597;
			productRefGroup = DE37D1121FD630750003C597 /* Products */;
			projectDirPath = "";
			projectRoot = "";
			targets = (
				DE37D1101FD630750003C597 /* RetechFirebase */,
			);
		};
/* End PBXProject section */

/* Begin PBXResourcesBuildPhase section */
		DE37D10F1FD630750003C597 /* Resources */ = {
			isa = PBXResourcesBuildPhase;
			buildActionMask = 2147483647;
			files = (
				DEA4D2BF1FDA788F008C2354 /* FacebookNativeAdViewController.xib in Resources */,
				DE37D1211FD630750003C597 /* LaunchScreen.storyboard in Resources */,
				DEBE84E01FD64EFF009D3F37 /* GoogleService-Info.plist in Resources */,
				DEA4D2B31FDA37D5008C2354 /* GoogleNativeAppInstallAdView.xib in Resources */,
				DEA4D2B21FDA37D5008C2354 /* GoogleNativeContentAdView.xib in Resources */,
				DE11C1B31FD7CA3F000060E0 /* GoogleNativeAdAdvanceViewController.xib in Resources */,
				DE37D11E1FD630750003C597 /* Assets.xcassets in Resources */,
			);
			runOnlyForDeploymentPostprocessing = 0;
		};
/* End PBXResourcesBuildPhase section */

/* Begin PBXShellScriptBuildPhase section */
		30E4D8AE75325B764E2DE85B /* [CP] Check Pods Manifest.lock */ = {
			isa = PBXShellScriptBuildPhase;
			buildActionMask = 2147483647;
			files = (
			);
			inputPaths = (
				"${PODS_PODFILE_DIR_PATH}/Podfile.lock",
				"${PODS_ROOT}/Manifest.lock",
			);
			name = "[CP] Check Pods Manifest.lock";
			outputPaths = (
				"$(DERIVED_FILE_DIR)/Pods-RetechFirebase-checkManifestLockResult.txt",
			);
			runOnlyForDeploymentPostprocessing = 0;
			shellPath = /bin/sh;
			shellScript = "diff \"${PODS_PODFILE_DIR_PATH}/Podfile.lock\" \"${PODS_ROOT}/Manifest.lock\" > /dev/null\nif [ $? != 0 ] ; then\n    # print error to STDERR\n    echo \"error: The sandbox is not in sync with the Podfile.lock. Run 'pod install' or update your CocoaPods installation.\" >&2\n    exit 1\nfi\n# This output is used by Xcode 'outputs' to avoid re-running this script phase.\necho \"SUCCESS\" > \"${SCRIPT_OUTPUT_FILE_0}\"\n";
			showEnvVarsInLog = 0;
		};
		81081ED52B279D3F7FBB7FFA /* [CP] Embed Pods Frameworks */ = {
			isa = PBXShellScriptBuildPhase;
			buildActionMask = 2147483647;
			files = (
			);
			inputPaths = (
			);
			name = "[CP] Embed Pods Frameworks";
			outputPaths = (
			);
			runOnlyForDeploymentPostprocessing = 0;
			shellPath = /bin/sh;
			shellScript = "\"${SRCROOT}/Pods/Target Support Files/Pods-RetechFirebase/Pods-RetechFirebase-frameworks.sh\"\n";
			showEnvVarsInLog = 0;
		};
		E386896C8858A47E4CEF0BA7 /* [CP] Copy Pods Resources */ = {
			isa = PBXShellScriptBuildPhase;
			buildActionMask = 2147483647;
			files = (
			);
			inputPaths = (
			);
			name = "[CP] Copy Pods Resources";
			outputPaths = (
			);
			runOnlyForDeploymentPostprocessing = 0;
			shellPath = /bin/sh;
			shellScript = "\"${SRCROOT}/Pods/Target Support Files/Pods-RetechFirebase/Pods-RetechFirebase-resources.sh\"\n";
			showEnvVarsInLog = 0;
		};
/* End PBXShellScriptBuildPhase section */

/* Begin PBXSourcesBuildPhase section */
		DE37D10D1FD630750003C597 /* Sources */ = {
			isa = PBXSourcesBuildPhase;
			buildActionMask = 2147483647;
			files = (
				DEE3E3811FDC44D200488E3F /* GoogleBannerAdViewController.m in Sources */,
				DE13EEB21FD682C700C861BA /* MainScreen.m in Sources */,
				DEE3E37E1FDC385E00488E3F /* GoogleNativeAdExpressViewController.m in Sources */,
				DE13EEBA1FD685D800C861BA /* BootLogic.m in Sources */,
				DE11C1B21FD7CA3F000060E0 /* GoogleNativeAdAdvanceViewController.m in Sources */,
				DE37D1241FD630750003C597 /* main.m in Sources */,
				DEA4D2BE1FDA788F008C2354 /* FacebookNativeAdViewController.m in Sources */,
				DE37D1161FD630750003C597 /* AppDelegate.m in Sources */,
			);
			runOnlyForDeploymentPostprocessing = 0;
		};
/* End PBXSourcesBuildPhase section */

/* Begin PBXVariantGroup section */
		DE37D11F1FD630750003C597 /* LaunchScreen.storyboard */ = {
			isa = PBXVariantGroup;
			children = (
				DE37D1201FD630750003C597 /* Base */,
			);
			name = LaunchScreen.storyboard;
			sourceTree = "<group>";
		};
/* End PBXVariantGroup section */

/* Begin XCBuildConfiguration section */
		DE37D1251FD630750003C597 /* Debug */ = {
			isa = XCBuildConfiguration;
			buildSettings = {
				ALWAYS_SEARCH_USER_PATHS = NO;
				CLANG_ANALYZER_NONNULL = YES;
				CLANG_ANALYZER_NUMBER_OBJECT_CONVERSION = YES_AGGRESSIVE;
				CLANG_CXX_LANGUAGE_STANDARD = "gnu++14";
				CLANG_CXX_LIBRARY = "libc++";
				CLANG_ENABLE_MODULES = YES;
				CLANG_ENABLE_OBJC_ARC = YES;
				CLANG_WARN_BLOCK_CAPTURE_AUTORELEASING = YES;
				CLANG_WARN_BOOL_CONVERSION = YES;
				CLANG_WARN_COMMA = YES;
				CLANG_WARN_CONSTANT_CONVERSION = YES;
				CLANG_WARN_DIRECT_OBJC_ISA_USAGE = YES_ERROR;
				CLANG_WARN_DOCUMENTATION_COMMENTS = YES;
				CLANG_WARN_EMPTY_BODY = YES;
				CLANG_WARN_ENUM_CONVERSION = YES;
				CLANG_WARN_INFINITE_RECURSION = YES;
				CLANG_WARN_INT_CONVERSION = YES;
				CLANG_WARN_NON_LITERAL_NULL_CONVERSION = YES;
				CLANG_WARN_OBJC_LITERAL_CONVERSION = YES;
				CLANG_WARN_OBJC_ROOT_CLASS = YES_ERROR;
				CLANG_WARN_RANGE_LOOP_ANALYSIS = YES;
				CLANG_WARN_STRICT_PROTOTYPES = YES;
				CLANG_WARN_SUSPICIOUS_MOVE = YES;
				CLANG_WARN_UNGUARDED_AVAILABILITY = YES_AGGRESSIVE;
				CLANG_WARN_UNREACHABLE_CODE = YES;
				CLANG_WARN__DUPLICATE_METHOD_MATCH = YES;
				CODE_SIGN_IDENTITY = "iPhone Developer";
				COPY_PHASE_STRIP = NO;
				DEBUG_INFORMATION_FORMAT = dwarf;
				ENABLE_STRICT_OBJC_MSGSEND = YES;
				ENABLE_TESTABILITY = YES;
				GCC_C_LANGUAGE_STANDARD = gnu11;
				GCC_DYNAMIC_NO_PIC = NO;
				GCC_NO_COMMON_BLOCKS = YES;
				GCC_OPTIMIZATION_LEVEL = 0;
				GCC_PREPROCESSOR_DEFINITIONS = (
					"DEBUG=1",
					"$(inherited)",
				);
				GCC_WARN_64_TO_32_BIT_CONVERSION = YES;
				GCC_WARN_ABOUT_RETURN_TYPE = YES_ERROR;
				GCC_WARN_UNDECLARED_SELECTOR = YES;
				GCC_WARN_UNINITIALIZED_AUTOS = YES_AGGRESSIVE;
				GCC_WARN_UNUSED_FUNCTION = YES;
				GCC_WARN_UNUSED_VARIABLE = YES;
				IPHONEOS_DEPLOYMENT_TARGET = 11.1;
				MTL_ENABLE_DEBUG_INFO = YES;
				ONLY_ACTIVE_ARCH = YES;
				SDKROOT = iphoneos;
			};
			name = Debug;
		};
		DE37D1261FD630750003C597 /* Release */ = {
			isa = XCBuildConfiguration;
			buildSettings = {
				ALWAYS_SEARCH_USER_PATHS = NO;
				CLANG_ANALYZER_NONNULL = YES;
				CLANG_ANALYZER_NUMBER_OBJECT_CONVERSION = YES_AGGRESSIVE;
				CLANG_CXX_LANGUAGE_STANDARD = "gnu++14";
				CLANG_CXX_LIBRARY = "libc++";
				CLANG_ENABLE_MODULES = YES;
				CLANG_ENABLE_OBJC_ARC = YES;
				CLANG_WARN_BLOCK_CAPTURE_AUTORELEASING = YES;
				CLANG_WARN_BOOL_CONVERSION = YES;
				CLANG_WARN_COMMA = YES;
				CLANG_WARN_CONSTANT_CONVERSION = YES;
				CLANG_WARN_DIRECT_OBJC_ISA_USAGE = YES_ERROR;
				CLANG_WARN_DOCUMENTATION_COMMENTS = YES;
				CLANG_WARN_EMPTY_BODY = YES;
				CLANG_WARN_ENUM_CONVERSION = YES;
				CLANG_WARN_INFINITE_RECURSION = YES;
				CLANG_WARN_INT_CONVERSION = YES;
				CLANG_WARN_NON_LITERAL_NULL_CONVERSION = YES;
				CLANG_WARN_OBJC_LITERAL_CONVERSION = YES;
				CLANG_WARN_OBJC_ROOT_CLASS = YES_ERROR;
				CLANG_WARN_RANGE_LOOP_ANALYSIS = YES;
				CLANG_WARN_STRICT_PROTOTYPES = YES;
				CLANG_WARN_SUSPICIOUS_MOVE = YES;
				CLANG_WARN_UNGUARDED_AVAILABILITY = YES_AGGRESSIVE;
				CLANG_WARN_UNREACHABLE_CODE = YES;
				CLANG_WARN__DUPLICATE_METHOD_MATCH = YES;
				CODE_SIGN_IDENTITY = "iPhone Developer";
				COPY_PHASE_STRIP = NO;
				DEBUG_INFORMATION_FORMAT = "dwarf-with-dsym";
				ENABLE_NS_ASSERTIONS = NO;
				ENABLE_STRICT_OBJC_MSGSEND = YES;
				GCC_C_LANGUAGE_STANDARD = gnu11;
				GCC_NO_COMMON_BLOCKS = YES;
				GCC_WARN_64_TO_32_BIT_CONVERSION = YES;
				GCC_WARN_ABOUT_RETURN_TYPE = YES_ERROR;
				GCC_WARN_UNDECLARED_SELECTOR = YES;
				GCC_WARN_UNINITIALIZED_AUTOS = YES_AGGRESSIVE;
				GCC_WARN_UNUSED_FUNCTION = YES;
				GCC_WARN_UNUSED_VARIABLE = YES;
				IPHONEOS_DEPLOYMENT_TARGET = 11.1;
				MTL_ENABLE_DEBUG_INFO = NO;
				SDKROOT = iphoneos;
				VALIDATE_PRODUCT = YES;
			};
			name = Release;
		};
		DE37D1281FD630750003C597 /* Debug */ = {
			isa = XCBuildConfiguration;
			baseConfigurationReference = A95559D8C52B3695F36ABFAB /* Pods-RetechFirebase.debug.xcconfig */;
			buildSettings = {
				ASSETCATALOG_COMPILER_APPICON_NAME = AppIcon;
				CODE_SIGN_STYLE = Automatic;
				DEVELOPMENT_TEAM = HEY66UE544;
				INFOPLIST_FILE = RetechFirebase/Info.plist;
				LD_RUNPATH_SEARCH_PATHS = "$(inherited) @executable_path/Frameworks";
				PRODUCT_BUNDLE_IDENTIFIER = vn.retech.firebase;
				PRODUCT_NAME = "$(TARGET_NAME)";
				TARGETED_DEVICE_FAMILY = "1,2";
			};
			name = Debug;
		};
		DE37D1291FD630750003C597 /* Release */ = {
			isa = XCBuildConfiguration;
			baseConfigurationReference = 8354075FF29E04E14F853A98 /* Pods-RetechFirebase.release.xcconfig */;
			buildSettings = {
				ASSETCATALOG_COMPILER_APPICON_NAME = AppIcon;
				CODE_SIGN_STYLE = Automatic;
				DEVELOPMENT_TEAM = HEY66UE544;
				INFOPLIST_FILE = RetechFirebase/Info.plist;
				LD_RUNPATH_SEARCH_PATHS = "$(inherited) @executable_path/Frameworks";
				PRODUCT_BUNDLE_IDENTIFIER = vn.retech.firebase;
				PRODUCT_NAME = "$(TARGET_NAME)";
				TARGETED_DEVICE_FAMILY = "1,2";
			};
			name = Release;
		};
/* End XCBuildConfiguration section */

/* Begin XCConfigurationList section */
		DE37D10C1FD630750003C597 /* Build configuration list for PBXProject "RetechFirebase" */ = {
			isa = XCConfigurationList;
			buildConfigurations = (
				DE37D1251FD630750003C597 /* Debug */,
				DE37D1261FD630750003C597 /* Release */,
			);
			defaultConfigurationIsVisible = 0;
			defaultConfigurationName = Release;
		};
		DE37D1271FD630750003C597 /* Build configuration list for PBXNativeTarget "RetechFirebase" */ = {
			isa = XCConfigurationList;
			buildConfigurations = (
				DE37D1281FD630750003C597 /* Debug */,
				DE37D1291FD630750003C597 /* Release */,
			);
			defaultConfigurationIsVisible = 0;
			defaultConfigurationName = Release;
		};
/* End XCConfigurationList section */
	};
	rootObject = DE37D1091FD630750003C597 /* Project object */;
}
